
Microsoft Visual Studio Solution File, Format Version 12.00
# Visual Studio 15
VisualStudioVersion = 15.0.28307.489
MinimumVisualStudioVersion = 10.0.40219.1
Project("{FAE04EC0-301F-11D3-BF4B-00C04F79EFBC}") = "SimpleJqGrid", "SimpleJqGrid\SimpleJqGrid.csproj", "{D13C9DA2-DD8F-49E1-9DF1-FCBBBDA50D27}"
EndProject
Global
	GlobalSection(SolutionConfigurationPlatforms) = preSolution
		Debug|Any CPU = Debug|Any CPU
		Release|Any CPU = Release|Any CPU
	EndGlobalSection
	GlobalSection(ProjectConfigurationPlatforms) = postSolution
		{D13C9DA2-DD8F-49E1-9DF1-FCBBBDA50D27}.Debug|Any CPU.ActiveCfg = Debug|Any CPU
		{D13C9DA2-DD8F-49E1-9DF1-FCBBBDA50D27}.Debug|Any CPU.Build.0 = Debug|Any CPU
		{D13C9DA2-DD8F-49E1-9DF1-FCBBBDA50D27}.Release|Any CPU.ActiveCfg = Release|Any CPU
		{D13C9DA2-DD8F-49E1-9DF1-FCBBBDA50D27}.Release|Any CPU.Build.0 = Release|Any CPU
	EndGlobalSection
	GlobalSection(SolutionProperties) = preSolution
		HideSolutionNode = FALSE
	EndGlobalSection
	GlobalSection(ExtensibilityGlobals) = postSolution
		SolutionGuid = {54C57591-ED53-47B4-924B-296FA97A9EDB}
	EndGlobalSection
EndGlobal
